
Microsoft Visual Studio Solution File, Format Version 11.00
# Visual Studio 2010
Project("{FAE04EC0-301F-11D3-BF4B-00C04F79EFBC}") = "TestUploader", "TestUploader\TestUploader.csproj", "{62F24AE2-EDAC-4533-AC4A-2BE9C36C5816}"
EndProject
Global
	GlobalSection(SolutionConfigurationPlatforms) = preSolution
		Debug|Any CPU = Debug|Any CPU
		Release|Any CPU = Release|Any CPU
	EndGlobalSection
	GlobalSection(ProjectConfigurationPlatforms) = postSolution
		{62F24AE2-EDAC-4533-AC4A-2BE9C36C5816}.Debug|Any CPU.ActiveCfg = Debug|Any CPU
		{62F24AE2-EDAC-4533-AC4A-2BE9C36C5816}.Debug|Any CPU.Build.0 = Debug|Any CPU
		{62F24AE2-EDAC-4533-AC4A-2BE9C36C5816}.Release|Any CPU.ActiveCfg = Release|Any CPU
		{62F24AE2-EDAC-4533-AC4A-2BE9C36C5816}.Release|Any CPU.Build.0 = Release|Any CPU
	EndGlobalSection
	GlobalSection(SolutionProperties) = preSolution
		HideSolutionNode = FALSE
	EndGlobalSection
EndGlobal
